
Microsoft Visual Studio Solution File, Format Version 12.00
# Visual Studio 15
VisualStudioVersion = 15.0.27130.2010
MinimumVisualStudioVersion = 10.0.40219.1
Project("{8BC9CEB8-8B4A-11D0-8D11-00A0C91BC942}") = "com.w4123.diceofcoc", "DiceofCOC\DiceofCOC.vcxproj", "{9D36EAFF-6BF0-4BDE-A20C-5BCB92DE79D6}"
EndProject
Global
	GlobalSection(SolutionConfigurationPlatforms) = preSolution
		Debug|Win32 = Debug|Win32
		Release|Win32 = Release|Win32
	EndGlobalSection
	GlobalSection(ProjectConfigurationPlatforms) = postSolution
		{9D36EAFF-6BF0-4BDE-A20C-5BCB92DE79D6}.Debug|Win32.ActiveCfg = Release|Win32
		{9D36EAFF-6BF0-4BDE-A20C-5BCB92DE79D6}.Debug|Win32.Build.0 = Release|Win32
		{9D36EAFF-6BF0-4BDE-A20C-5BCB92DE79D6}.Release|Win32.ActiveCfg = Release|Win32
		{9D36EAFF-6BF0-4BDE-A20C-5BCB92DE79D6}.Release|Win32.Build.0 = Release|Win32
	EndGlobalSection
	GlobalSection(SolutionProperties) = preSolution
		HideSolutionNode = FALSE
	EndGlobalSection
	GlobalSection(ExtensibilityGlobals) = postSolution
		SolutionGuid = {712D35C2-D629-4369-927A-4AF98F481B83}
	EndGlobalSection
EndGlobal
